
Microsoft Visual Studio Solution File, Format Version 12.00
# Visual Studio Version 16
VisualStudioVersion = 25.0.1706.4
MinimumVisualStudioVersion = 10.0.40219.1
Project("{FAE04EC0-301F-11D3-BF4B-00C04F79EFBC}") = "ConvertionToWordsApp", "ConvertionToWordsApp\ConvertionToWordsApp.csproj", "{90999E68-22C1-40B9-8480-4E0597F22B0E}"
EndProject
Global
	GlobalSection(SolutionConfigurationPlatforms) = preSolution
		Debug|Any CPU = Debug|Any CPU
		Release|Any CPU = Release|Any CPU
	EndGlobalSection
	GlobalSection(ProjectConfigurationPlatforms) = postSolution
		{90999E68-22C1-40B9-8480-4E0597F22B0E}.Debug|Any CPU.ActiveCfg = Debug|Any CPU
		{90999E68-22C1-40B9-8480-4E0597F22B0E}.Debug|Any CPU.Build.0 = Debug|Any CPU
		{90999E68-22C1-40B9-8480-4E0597F22B0E}.Release|Any CPU.ActiveCfg = Release|Any CPU
		{90999E68-22C1-40B9-8480-4E0597F22B0E}.Release|Any CPU.Build.0 = Release|Any CPU
	EndGlobalSection
	GlobalSection(SolutionProperties) = preSolution
		HideSolutionNode = FALSE
	EndGlobalSection
	GlobalSection(ExtensibilityGlobals) = postSolution
		SolutionGuid = {0AA60D94-03EA-4E96-8886-DFC4437FD1F9}
	EndGlobalSection
EndGlobal
